
Microsoft Visual Studio Solution File, Format Version 12.00
# Visual Studio Version 16
VisualStudioVersion = 16.0.30907.101
MinimumVisualStudioVersion = 10.0.40219.1
Project("{FAE04EC0-301F-11D3-BF4B-00C04F79EFBC}") = "Rocky", "Rocky\Rocky.csproj", "{051CB2DF-4150-4FF5-A083-A46A36ADF13C}"
EndProject
Global
	GlobalSection(SolutionConfigurationPlatforms) = preSolution
		Debug|Any CPU = Debug|Any CPU
		Release|Any CPU = Release|Any CPU
	EndGlobalSection
	GlobalSection(ProjectConfigurationPlatforms) = postSolution
		{051CB2DF-4150-4FF5-A083-A46A36ADF13C}.Debug|Any CPU.ActiveCfg = Debug|Any CPU
		{051CB2DF-4150-4FF5-A083-A46A36ADF13C}.Debug|Any CPU.Build.0 = Debug|Any CPU
		{051CB2DF-4150-4FF5-A083-A46A36ADF13C}.Release|Any CPU.ActiveCfg = Release|Any CPU
		{051CB2DF-4150-4FF5-A083-A46A36ADF13C}.Release|Any CPU.Build.0 = Release|Any CPU
	EndGlobalSection
	GlobalSection(SolutionProperties) = preSolution
		HideSolutionNode = FALSE
	EndGlobalSection
	GlobalSection(ExtensibilityGlobals) = postSolution
		SolutionGuid = {FBB99E19-4CC8-412F-82FC-3809A2BE7ACC}
	EndGlobalSection
EndGlobal
